dependencies:
  socket.io: 3.1.0
  socket.io-client: 3.1.0
lockfileVersion: 5.2
packages:
  /@types/component-emitter/1.2.10:
    dev: false
    resolution:
      integrity: sha512-bsjleuRKWmGqajMerkzox19aGbscQX5rmmvvXl3wlIp5gMG1HgkiwPxsN5p070fBDKTNSPgojVbuY1+HWMbFhg==
  /@types/cookie/0.4.0:
    dev: false
    resolution:
      integrity: sha512-y7mImlc/rNkvCRmg8gC3/lj87S7pTUIJ6QGjwHR9WQJcFs+ZMTOaoPrkdFA/YdbuqVEmEbb5RdhVxMkAcgOnpg==
  /@types/cors/2.8.9:
    dev: false
    resolution:
      integrity: sha512-zurD1ibz21BRlAOIKP8yhrxlqKx6L9VCwkB5kMiP6nZAhoF5MvC7qS1qPA7nRcr1GJolfkQC7/EAL4hdYejLtg==
  /@types/node/14.14.22:
    dev: false
    resolution:
      integrity: sha512-g+f/qj/cNcqKkc3tFqlXOYjrmZA+jNBiDzbP3kH+B+otKFqAdPgVTGP1IeKRdMml/aE69as5S4FqtxAbl+LaMw==
  /accepts/1.3.7:
    dependencies:
      mime-types: 2.1.28
      negotiator: 0.6.2
    dev: false
    engines:
      node: '>= 0.6'
    resolution:
      integrity: sha512-Il80Qs2WjYlJIBNzNkK6KYqlVMTbZLXgHx2oT0pU/fjRHyEp+PEfEPY0R3WCwAGVOtauxh1hOxNgIf5bv7dQpA==
  /backo2/1.0.2:
    dev: false
    resolution:
      integrity: sha1-MasayLEpNjRj41s+u2n038+6eUc=
  /base64-arraybuffer/0.1.4:
    dev: false
    engines:
      node: '>= 0.6.0'
    resolution:
      integrity: sha1-mBjHngWbE1X5fgQooBfIOOkLqBI=
  /base64id/2.0.0:
    dev: false
    engines:
      node: ^4.5.0 || >= 5.9
    resolution:
      integrity: sha512-lGe34o6EHj9y3Kts9R4ZYs/Gr+6N7MCaMlIFA3F1R2O5/m7K06AxfSeO5530PEERE6/WyEg3lsuyw4GHlPZHog==
  /component-emitter/1.3.0:
    dev: false
    resolution:
      integrity: sha512-Rd3se6QB+sO1TwqZjscQrurpEPIfO0/yYnSin6Q/rD3mOutHvUrCAhJub3r90uNb+SESBuE0QYoB90YdfatsRg==
  /cookie/0.4.1:
    dev: false
    engines:
      node: '>= 0.6'
    resolution:
      integrity: sha512-ZwrFkGJxUR3EIoXtO+yVE69Eb7KlixbaeAWfBQB9vVsNn/o+Yw69gBWSSDK825hQNdN+wF8zELf3dFNl/kxkUA==
  /cors/2.8.5:
    dependencies:
      object-assign: 4.1.1
      vary: 1.1.2
    dev: false
    engines:
      node: '>= 0.10'
    resolution:
      integrity: sha512-KIHbLJqu73RGr/hnbrO9uBeixNGuvSQjul/jdFvS/KFSIH1hWVd1ng7zOHx+YrEfInLG7q4n6GHQ9cDtxv/P6g==
  /debug/4.3.1:
    dependencies:
      ms: 2.1.2
    dev: false
    engines:
      node: '>=6.0'
    peerDependencies:
      supports-color: '*'
    peerDependenciesMeta:
      supports-color:
        optional: true
    resolution:
      integrity: sha512-doEwdvm4PCeK4K3RQN2ZC2BYUBaxwLARCqZmMjtF8a51J2Rb0xpVloFRnCODwqjpwnAoao4pelN8l3RJdv3gRQ==
  /engine.io-client/4.1.0:
    dependencies:
      base64-arraybuffer: 0.1.4
      component-emitter: 1.3.0
      debug: 4.3.1
      engine.io-parser: 4.0.2
      has-cors: 1.1.0
      parseqs: 0.0.6
      parseuri: 0.0.6
      ws: 7.4.2
      xmlhttprequest-ssl: 1.5.5
      yeast: 0.1.2
    dev: false
    resolution:
      integrity: sha512-OUmn4m71/lW3ixICv4h3DuBRuh3ri0w3cDuepjsrINSbbqbni4Xw1shTFiKhl0v58lEtNpwJTpSKJJ3fondu5Q==
  /engine.io-parser/4.0.2:
    dependencies:
      base64-arraybuffer: 0.1.4
    dev: false
    engines:
      node: '>=8.0.0'
    resolution:
      integrity: sha512-sHfEQv6nmtJrq6TKuIz5kyEKH/qSdK56H/A+7DnAuUPWosnIZAS2NHNcPLmyjtY3cGS/MqJdZbUjW97JU72iYg==
  /engine.io/4.1.0:
    dependencies:
      accepts: 1.3.7
      base64id: 2.0.0
      cookie: 0.4.1
      cors: 2.8.5
      debug: 4.3.1
      engine.io-parser: 4.0.2
      ws: 7.4.2
    dev: false
    engines:
      node: '>=10.0.0'
    resolution:
      integrity: sha512-vW7EAtn0HDQ4MtT5QbmCHF17TaYLONv2/JwdYsq9USPRZVM4zG7WB3k0Nc321z8EuSOlhGokrYlYx4176QhD0A==
  /has-cors/1.1.0:
    dev: false
    resolution:
      integrity: sha1-XkdHk/fqmEPRu5nCPu9J/xJv/zk=
  /mime-db/1.45.0:
    dev: false
    engines:
      node: '>= 0.6'
    resolution:
      integrity: sha512-CkqLUxUk15hofLoLyljJSrukZi8mAtgd+yE5uO4tqRZsdsAJKv0O+rFMhVDRJgozy+yG6md5KwuXhD4ocIoP+w==
  /mime-types/2.1.28:
    dependencies:
      mime-db: 1.45.0
    dev: false
    engines:
      node: '>= 0.6'
    resolution:
      integrity: sha512-0TO2yJ5YHYr7M2zzT7gDU1tbwHxEUWBCLt0lscSNpcdAfFyJOVEpRYNS7EXVcTLNj/25QO8gulHC5JtTzSE2UQ==
  /ms/2.1.2:
    dev: false
    resolution:
      integrity: sha512-sGkPx+VjMtmA6MX27oA4FBFELFCZZ4S4XqeGOXCv68tT+jb3vk/RyaKWP0PTKyWtmLSM0b+adUTEvbs1PEaH2w==
  /negotiator/0.6.2:
    dev: false
    engines:
      node: '>= 0.6'
    resolution:
      integrity: sha512-hZXc7K2e+PgeI1eDBe/10Ard4ekbfrrqG8Ep+8Jmf4JID2bNg7NvCPOZN+kfF574pFQI7mum2AUqDidoKqcTOw==
  /object-assign/4.1.1:
    dev: false
    engines:
      node: '>=0.10.0'
    resolution:
      integrity: sha1-IQmtx5ZYh8/AXLvUQsrIv7s2CGM=
  /parseqs/0.0.6:
    dev: false
    resolution:
      integrity: sha512-jeAGzMDbfSHHA091hr0r31eYfTig+29g3GKKE/PPbEQ65X0lmMwlEoqmhzu0iztID5uJpZsFlUPDP8ThPL7M8w==
  /parseuri/0.0.6:
    dev: false
    resolution:
      integrity: sha512-AUjen8sAkGgao7UyCX6Ahv0gIK2fABKmYjvP4xmy5JaKvcbTRueIqIPHLAfq30xJddqSE033IOMUSOMCcK3Sow==
  /socket.io-adapter/2.1.0:
    dev: false
    resolution:
      integrity: sha512-+vDov/aTsLjViYTwS9fPy5pEtTkrbEKsw2M+oVSoFGw6OD1IpvlV1VPhUzNbofCQ8oyMbdYJqDtGdmHQK6TdPg==
  /socket.io-client/3.1.0:
    dependencies:
      '@types/component-emitter': 1.2.10
      backo2: 1.0.2
      component-emitter: 1.3.0
      debug: 4.3.1
      engine.io-client: 4.1.0
      parseuri: 0.0.6
      socket.io-parser: 4.0.4
    dev: false
    engines:
      node: '>=10.0.0'
    resolution:
      integrity: sha512-T4qPOL80KnoBwkdR70zMpiR6aH6zv3ZqLNriofHqsO9wvQllNTOez0mpV4GdVqo1Y55Z+h8YOlBo7c8pOxDlHw==
  /socket.io-parser/4.0.4:
    dependencies:
      '@types/component-emitter': 1.2.10
      component-emitter: 1.3.0
      debug: 4.3.1
    dev: false
    engines:
      node: '>=10.0.0'
    resolution:
      integrity: sha512-t+b0SS+IxG7Rxzda2EVvyBZbvFPBCjJoyHuE0P//7OAsN23GItzDRdWa6ALxZI/8R5ygK7jAR6t028/z+7295g==
  /socket.io/3.1.0:
    dependencies:
      '@types/cookie': 0.4.0
      '@types/cors': 2.8.9
      '@types/node': 14.14.22
      accepts: 1.3.7
      base64id: 2.0.0
      debug: 4.3.1
      engine.io: 4.1.0
      socket.io-adapter: 2.1.0
      socket.io-parser: 4.0.4
    dev: false
    engines:
      node: '>=10.0.0'
    resolution:
      integrity: sha512-Aqg2dlRh6xSJvRYK31ksG65q4kmBOqU4g+1ukhPcoT6wNGYoIwSYPlCPuRwOO9pgLUajojGFztl6+V2opmKcww==
  /vary/1.1.2:
    dev: false
    engines:
      node: '>= 0.8'
    resolution:
      integrity: sha1-IpnwLG3tMNSllhsLn3RSShj2NPw=
  /ws/7.4.2:
    dev: false
    engines:
      node: '>=8.3.0'
    peerDependencies:
      bufferutil: ^4.0.1
      utf-8-validate: ^5.0.2
    peerDependenciesMeta:
      bufferutil:
        optional: true
      utf-8-validate:
        optional: true
    resolution:
      integrity: sha512-T4tewALS3+qsrpGI/8dqNMLIVdq/g/85U98HPMa6F0m6xTbvhXU6RCQLqPH3+SlomNV/LdY6RXEbBpMH6EOJnA==
  /xmlhttprequest-ssl/1.5.5:
    dev: false
    engines:
      node: '>=0.4.0'
    resolution:
      integrity: sha1-wodrBhaKrcQOV9l+gRkayPQ5iz4=
  /yeast/0.1.2:
    dev: false
    resolution:
      integrity: sha1-AI4G2AlDIMNy28L47XagymyKxBk=
specifiers:
  socket.io: ^3.1.0
  socket.io-client: ^3.1.0
